
Microsoft Visual Studio Solution File, Format Version 12.00
# Visual Studio Version 18
VisualStudioVersion = 18.6.11819.183 stable
MinimumVisualStudioVersion = 10.0.40219.1
Project("{FAE04EC0-301F-11D3-BF4B-00C04F79EFBC}") = "TicketVendorMachine", "TicketVendorMachine.csproj", "{3C5515B6-AA17-6F9D-C862-E505BBCBB354}"
EndProject
Global
	GlobalSection(SolutionConfigurationPlatforms) = preSolution
		Debug|Any CPU = Debug|Any CPU
		Release|Any CPU = Release|Any CPU
	EndGlobalSection
	GlobalSection(ProjectConfigurationPlatforms) = postSolution
		{3C5515B6-AA17-6F9D-C862-E505BBCBB354}.Debug|Any CPU.ActiveCfg = Debug|Any CPU
		{3C5515B6-AA17-6F9D-C862-E505BBCBB354}.Debug|Any CPU.Build.0 = Debug|Any CPU
		{3C5515B6-AA17-6F9D-C862-E505BBCBB354}.Release|Any CPU.ActiveCfg = Release|Any CPU
		{3C5515B6-AA17-6F9D-C862-E505BBCBB354}.Release|Any CPU.Build.0 = Release|Any CPU
	EndGlobalSection
	GlobalSection(SolutionProperties) = preSolution
		HideSolutionNode = FALSE
	EndGlobalSection
	GlobalSection(ExtensibilityGlobals) = postSolution
		SolutionGuid = {68A8FD6C-8B0C-4FCB-B343-63C197ADB47F}
	EndGlobalSection
EndGlobal
